schema: '2.0'
stages:
  data_ingestion:
    cmd: python src/data/data_ingestion.py
    deps:
    - path: src/data/data_ingestion.py
      hash: md5
      md5: dd418bcfe77001a9db0efc6242a8e6d4
      size: 3868
    params:
      params.yaml:
        data_ingestion.test_size: 0.28
    outs:
    - path: data/raw
      hash: md5
      md5: f081b7dd192511deaf586b1bdf0a4748.dir
      size: 6919701
      nfiles: 2
  data_preprocessing:
    cmd: python src/data/data_preprocessing.py
    deps:
    - path: data/raw/test.csv
      hash: md5
      md5: 39d78fffc325c8b7068059f80170a4d0
      size: 1892289
    - path: data/raw/train.csv
      hash: md5
      md5: 6cc66be7868b3d1d161acea30f34ce11
      size: 5027412
    - path: src/data/data_preprocessing.py
      hash: md5
      md5: 457a9f705955ed87166484e51213a787
      size: 3426
    outs:
    - path: data/interim
      hash: md5
      md5: d0a8ac3ee9375c01299dd6fff05a4cd5.dir
      size: 5134850
      nfiles: 2
  model_building:
    cmd: python src/model/model_building.py
    deps:
    - path: data/interim/train_processed.csv
      hash: md5
      md5: bb6654b1418a14352fb427f87aaa1134
      size: 3729952
    - path: src/model/model_building.py
      hash: md5
      md5: 11e699a7431ee9eb57732497086a8b6a
      size: 5200
    params:
      params.yaml:
        model_building.learning_rate: 0.08
        model_building.max_depth: 20
        model_building.max_features: 10000
        model_building.n_estimators: 367
        model_building.ngram_range:
        - 1
        - 3
    outs:
    - path: lgbm_model.pkl
      hash: md5
      md5: 844fc597400b0c1edcd5b9c1d9068707
      size: 4113520
    - path: tfidf_vectorizer.pkl
      hash: md5
      md5: aad4efe84d06da9b4f37c0350f9cab05
      size: 384024
  model_evaluation:
    cmd: python src/model/model_evaluation.py
    deps:
    - path: data/interim/test_processed.csv
      hash: md5
      md5: 76fd2a37b25d79d16ddf9b051f08816c
      size: 1404898
    - path: data/interim/train_processed.csv
      hash: md5
      md5: bb6654b1418a14352fb427f87aaa1134
      size: 3729952
    - path: lgbm_model.pkl
      hash: md5
      md5: 844fc597400b0c1edcd5b9c1d9068707
      size: 4113520
    - path: src/model/model_evaluation.py
      hash: md5
      md5: 1d1771eadcac9b8e99f4a9623c9acba3
      size: 6539
    - path: tfidf_vectorizer.pkl
      hash: md5
      md5: aad4efe84d06da9b4f37c0350f9cab05
      size: 384024
    outs:
    - path: experiment_info.json
      hash: md5
      md5: 7fc81af4edd0fbb59a9fc7fec66d20a0
      size: 87
